// !$*UTF8*$!
{
	archiveVersion = 1;
	classes = {
	};
	objectVersion = 50;
	objects = {

/* Begin PBXBuildFile section */
		EC9A961721509A3A008385AD /* NSFileManager+ZSExtension.m in Sources */ = {isa = PBXBuildFile; fileRef = EC9A961621509A3A008385AD /* NSFileManager+ZSExtension.m */; };
		EC9A9628215222EF008385AD /* NSURL+ZSExtension.m in Sources */ = {isa = PBXBuildFile; fileRef = EC9A9627215222EF008385AD /* NSURL+ZSExtension.m */; };
		ECB3DE0A214B58BE009D0718 /* AppDelegate.m in Sources */ = {isa = PBXBuildFile; fileRef = ECB3DE09214B58BE009D0718 /* AppDelegate.m */; };
		ECB3DE0D214B58BE009D0718 /* ViewController.m in Sources */ = {isa = PBXBuildFile; fileRef = ECB3DE0C214B58BE009D0718 /* ViewController.m */; };
		ECB3DE10214B58BE009D0718 /* Main.storyboard in Resources */ = {isa = PBXBuildFile; fileRef = ECB3DE0E214B58BE009D0718 /* Main.storyboard */; };
		ECB3DE12214B58BF009D0718 /* Assets.xcassets in Resources */ = {isa = PBXBuildFile; fileRef = ECB3DE11214B58BF009D0718 /* Assets.xcassets */; };
		ECB3DE15214B58BF009D0718 /* LaunchScreen.storyboard in Resources */ = {isa = PBXBuildFile; fileRef = ECB3DE13214B58BF009D0718 /* LaunchScreen.storyboard */; };
		ECB3DE18214B58BF009D0718 /* main.m in Sources */ = {isa = PBXBuildFile; fileRef = ECB3DE17214B58BF009D0718 /* main.m */; };
		ECB3DE21214B590A009D0718 /* ZSUtils.m in Sources */ = {isa = PBXBuildFile; fileRef = ECB3DE20214B590A009D0718 /* ZSUtils.m */; };
		ECB3DE24214B5C1E009D0718 /* NSString+ZSExtension.m in Sources */ = {isa = PBXBuildFile; fileRef = ECB3DE23214B5C1E009D0718 /* NSString+ZSExtension.m */; };
		ECB3DE27214B72A0009D0718 /* UIImage+ZSExtension.m in Sources */ = {isa = PBXBuildFile; fileRef = ECB3DE26214B72A0009D0718 /* UIImage+ZSExtension.m */; };
		ECB3DE2A214B740B009D0718 /* UIView+ZSExtension.m in Sources */ = {isa = PBXBuildFile; fileRef = ECB3DE29214B740B009D0718 /* UIView+ZSExtension.m */; };
		ECB3DE2D214B7603009D0718 /* UIColor+ZSExtension.m in Sources */ = {isa = PBXBuildFile; fileRef = ECB3DE2C214B7603009D0718 /* UIColor+ZSExtension.m */; };
		ECB3DE30214B7683009D0718 /* UIDevice+ZSExtension.m in Sources */ = {isa = PBXBuildFile; fileRef = ECB3DE2F214B7683009D0718 /* UIDevice+ZSExtension.m */; };
		ECB3DE33214B7735009D0718 /* UIViewController+ZSExtension.m in Sources */ = {isa = PBXBuildFile; fileRef = ECB3DE32214B7735009D0718 /* UIViewController+ZSExtension.m */; };
		ECB3DE36214B78A1009D0718 /* NSObject+ZSExtension.m in Sources */ = {isa = PBXBuildFile; fileRef = ECB3DE35214B78A1009D0718 /* NSObject+ZSExtension.m */; };
		ECB3DE39214B7C2B009D0718 /* NSDate+ZSExtension.m in Sources */ = {isa = PBXBuildFile; fileRef = ECB3DE38214B7C2B009D0718 /* NSDate+ZSExtension.m */; };
		ECB3DE3C214B7EE7009D0718 /* UIButton+ZSExtension.m in Sources */ = {isa = PBXBuildFile; fileRef = ECB3DE3B214B7EE7009D0718 /* UIButton+ZSExtension.m */; };
		ECB3DE3F214B84A2009D0718 /* UIControl+ZSExtension.m in Sources */ = {isa = PBXBuildFile; fileRef = ECB3DE3E214B84A2009D0718 /* UIControl+ZSExtension.m */; };
		ECB3DE42214B85C9009D0718 /* UIBarButtonItem+ZSExtension.m in Sources */ = {isa = PBXBuildFile; fileRef = ECB3DE41214B85C9009D0718 /* UIBarButtonItem+ZSExtension.m */; };
		ECB3DE45214B8B34009D0718 /* UIScreen+ZSExtension.m in Sources */ = {isa = PBXBuildFile; fileRef = ECB3DE44214B8B34009D0718 /* UIScreen+ZSExtension.m */; };
/* End PBXBuildFile section */

/* Begin PBXFileReference section */
		EC9A961521509A3A008385AD /* NSFileManager+ZSExtension.h */ = {isa = PBXFileReference; lastKnownFileType = sourcecode.c.h; path = "NSFileManager+ZSExtension.h"; sourceTree = "<group>"; };
		EC9A961621509A3A008385AD /* NSFileManager+ZSExtension.m */ = {isa = PBXFileReference; lastKnownFileType = sourcecode.c.objc; path = "NSFileManager+ZSExtension.m"; sourceTree = "<group>"; };
		EC9A9626215222EF008385AD /* NSURL+ZSExtension.h */ = {isa = PBXFileReference; lastKnownFileType = sourcecode.c.h; path = "NSURL+ZSExtension.h"; sourceTree = "<group>"; };
		EC9A9627215222EF008385AD /* NSURL+ZSExtension.m */ = {isa = PBXFileReference; lastKnownFileType = sourcecode.c.objc; path = "NSURL+ZSExtension.m"; sourceTree = "<group>"; };
		ECB3DE05214B58BE009D0718 /* ZSUtils.app */ = {isa = PBXFileReference; explicitFileType = wrapper.application; includeInIndex = 0; path = ZSUtils.app; sourceTree = BUILT_PRODUCTS_DIR; };
		ECB3DE08214B58BE009D0718 /* AppDelegate.h */ = {isa = PBXFileReference; lastKnownFileType = sourcecode.c.h; path = AppDelegate.h; sourceTree = "<group>"; };
		ECB3DE09214B58BE009D0718 /* AppDelegate.m */ = {isa = PBXFileReference; lastKnownFileType = sourcecode.c.objc; path = AppDelegate.m; sourceTree = "<group>"; };
		ECB3DE0B214B58BE009D0718 /* ViewController.h */ = {isa = PBXFileReference; lastKnownFileType = sourcecode.c.h; path = ViewController.h; sourceTree = "<group>"; };
		ECB3DE0C214B58BE009D0718 /* ViewController.m */ = {isa = PBXFileReference; lastKnownFileType = sourcecode.c.objc; path = ViewController.m; sourceTree = "<group>"; };
		ECB3DE0F214B58BE009D0718 /* Base */ = {isa = PBXFileReference; lastKnownFileType = file.storyboard; name = Base; path = Base.lproj/Main.storyboard; sourceTree = "<group>"; };
		ECB3DE11214B58BF009D0718 /* Assets.xcassets */ = {isa = PBXFileReference; lastKnownFileType = folder.assetcatalog; path = Assets.xcassets; sourceTree = "<group>"; };
		ECB3DE14214B58BF009D0718 /* Base */ = {isa = PBXFileReference; lastKnownFileType = file.storyboard; name = Base; path = Base.lproj/LaunchScreen.storyboard; sourceTree = "<group>"; };
		ECB3DE16214B58BF009D0718 /* Info.plist */ = {isa = PBXFileReference; lastKnownFileType = text.plist.xml; path = Info.plist; sourceTree = "<group>"; };
		ECB3DE17214B58BF009D0718 /* main.m */ = {isa = PBXFileReference; lastKnownFileType = sourcecode.c.objc; path = main.m; sourceTree = "<group>"; };
		ECB3DE1F214B590A009D0718 /* ZSUtils.h */ = {isa = PBXFileReference; lastKnownFileType = sourcecode.c.h; path = ZSUtils.h; sourceTree = "<group>"; };
		ECB3DE20214B590A009D0718 /* ZSUtils.m */ = {isa = PBXFileReference; lastKnownFileType = sourcecode.c.objc; path = ZSUtils.m; sourceTree = "<group>"; };
		ECB3DE22214B5C1E009D0718 /* NSString+ZSExtension.h */ = {isa = PBXFileReference; lastKnownFileType = sourcecode.c.h; path = "NSString+ZSExtension.h"; sourceTree = "<group>"; };
		ECB3DE23214B5C1E009D0718 /* NSString+ZSExtension.m */ = {isa = PBXFileReference; lastKnownFileType = sourcecode.c.objc; path = "NSString+ZSExtension.m"; sourceTree = "<group>"; };
		ECB3DE25214B72A0009D0718 /* UIImage+ZSExtension.h */ = {isa = PBXFileReference; lastKnownFileType = sourcecode.c.h; path = "UIImage+ZSExtension.h"; sourceTree = "<group>"; };
		ECB3DE26214B72A0009D0718 /* UIImage+ZSExtension.m */ = {isa = PBXFileReference; lastKnownFileType = sourcecode.c.objc; path = "UIImage+ZSExtension.m"; sourceTree = "<group>"; };
		ECB3DE28214B740B009D0718 /* UIView+ZSExtension.h */ = {isa = PBXFileReference; lastKnownFileType = sourcecode.c.h; path = "UIView+ZSExtension.h"; sourceTree = "<group>"; };
		ECB3DE29214B740B009D0718 /* UIView+ZSExtension.m */ = {isa = PBXFileReference; lastKnownFileType = sourcecode.c.objc; path = "UIView+ZSExtension.m"; sourceTree = "<group>"; };
		ECB3DE2B214B7603009D0718 /* UIColor+ZSExtension.h */ = {isa = PBXFileReference; lastKnownFileType = sourcecode.c.h; path = "UIColor+ZSExtension.h"; sourceTree = "<group>"; };
		ECB3DE2C214B7603009D0718 /* UIColor+ZSExtension.m */ = {isa = PBXFileReference; lastKnownFileType = sourcecode.c.objc; path = "UIColor+ZSExtension.m"; sourceTree = "<group>"; };
		ECB3DE2E214B7683009D0718 /* UIDevice+ZSExtension.h */ = {isa = PBXFileReference; lastKnownFileType = sourcecode.c.h; path = "UIDevice+ZSExtension.h"; sourceTree = "<group>"; };
		ECB3DE2F214B7683009D0718 /* UIDevice+ZSExtension.m */ = {isa = PBXFileReference; lastKnownFileType = sourcecode.c.objc; path = "UIDevice+ZSExtension.m"; sourceTree = "<group>"; };
		ECB3DE31214B7735009D0718 /* UIViewController+ZSExtension.h */ = {isa = PBXFileReference; lastKnownFileType = sourcecode.c.h; path = "UIViewController+ZSExtension.h"; sourceTree = "<group>"; };
		ECB3DE32214B7735009D0718 /* UIViewController+ZSExtension.m */ = {isa = PBXFileReference; lastKnownFileType = sourcecode.c.objc; path = "UIViewController+ZSExtension.m"; sourceTree = "<group>"; };
		ECB3DE34214B78A1009D0718 /* NSObject+ZSExtension.h */ = {isa = PBXFileReference; lastKnownFileType = sourcecode.c.h; path = "NSObject+ZSExtension.h"; sourceTree = "<group>"; };
		ECB3DE35214B78A1009D0718 /* NSObject+ZSExtension.m */ = {isa = PBXFileReference; lastKnownFileType = sourcecode.c.objc; path = "NSObject+ZSExtension.m"; sourceTree = "<group>"; };
		ECB3DE37214B7C2B009D0718 /* NSDate+ZSExtension.h */ = {isa = PBXFileReference; lastKnownFileType = sourcecode.c.h; path = "NSDate+ZSExtension.h"; sourceTree = "<group>"; };
		ECB3DE38214B7C2B009D0718 /* NSDate+ZSExtension.m */ = {isa = PBXFileReference; lastKnownFileType = sourcecode.c.objc; path = "NSDate+ZSExtension.m"; sourceTree = "<group>"; };
		ECB3DE3A214B7EE7009D0718 /* UIButton+ZSExtension.h */ = {isa = PBXFileReference; lastKnownFileType = sourcecode.c.h; path = "UIButton+ZSExtension.h"; sourceTree = "<group>"; };
		ECB3DE3B214B7EE7009D0718 /* UIButton+ZSExtension.m */ = {isa = PBXFileReference; lastKnownFileType = sourcecode.c.objc; path = "UIButton+ZSExtension.m"; sourceTree = "<group>"; };
		ECB3DE3D214B84A2009D0718 /* UIControl+ZSExtension.h */ = {isa = PBXFileReference; lastKnownFileType = sourcecode.c.h; path = "UIControl+ZSExtension.h"; sourceTree = "<group>"; };
		ECB3DE3E214B84A2009D0718 /* UIControl+ZSExtension.m */ = {isa = PBXFileReference; lastKnownFileType = sourcecode.c.objc; path = "UIControl+ZSExtension.m"; sourceTree = "<group>"; };
		ECB3DE40214B85C9009D0718 /* UIBarButtonItem+ZSExtension.h */ = {isa = PBXFileReference; lastKnownFileType = sourcecode.c.h; path = "UIBarButtonItem+ZSExtension.h"; sourceTree = "<group>"; };
		ECB3DE41214B85C9009D0718 /* UIBarButtonItem+ZSExtension.m */ = {isa = PBXFileReference; lastKnownFileType = sourcecode.c.objc; path = "UIBarButtonItem+ZSExtension.m"; sourceTree = "<group>"; };
		ECB3DE43214B8B34009D0718 /* UIScreen+ZSExtension.h */ = {isa = PBXFileReference; lastKnownFileType = sourcecode.c.h; path = "UIScreen+ZSExtension.h"; sourceTree = "<group>"; };
		ECB3DE44214B8B34009D0718 /* UIScreen+ZSExtension.m */ = {isa = PBXFileReference; lastKnownFileType = sourcecode.c.objc; path = "UIScreen+ZSExtension.m"; sourceTree = "<group>"; };
/* End PBXFileReference section */

/* Begin PBXFrameworksBuildPhase section */
		ECB3DE02214B58BE009D0718 /* Frameworks */ = {
			isa = PBXFrameworksBuildPhase;
			buildActionMask = 2147483647;
			files = (
			);
			runOnlyForDeploymentPostprocessing = 0;
		};
/* End PBXFrameworksBuildPhase section */

/* Begin PBXGroup section */
		ECB3DDFC214B58BE009D0718 = {
			isa = PBXGroup;
			children = (
				ECB3DE1E214B58E4009D0718 /* ZSUtils */,
				ECB3DE07214B58BE009D0718 /* ZSUtilsDemo */,
				ECB3DE06214B58BE009D0718 /* Products */,
			);
			sourceTree = "<group>";
		};
		ECB3DE06214B58BE009D0718 /* Products */ = {
			isa = PBXGroup;
			children = (
				ECB3DE05214B58BE009D0718 /* ZSUtils.app */,
			);
			name = Products;
			sourceTree = "<group>";
		};
		ECB3DE07214B58BE009D0718 /* ZSUtilsDemo */ = {
			isa = PBXGroup;
			children = (
				ECB3DE08214B58BE009D0718 /* AppDelegate.h */,
				ECB3DE09214B58BE009D0718 /* AppDelegate.m */,
				ECB3DE0B214B58BE009D0718 /* ViewController.h */,
				ECB3DE0C214B58BE009D0718 /* ViewController.m */,
				ECB3DE0E214B58BE009D0718 /* Main.storyboard */,
				ECB3DE11214B58BF009D0718 /* Assets.xcassets */,
				ECB3DE13214B58BF009D0718 /* LaunchScreen.storyboard */,
				ECB3DE16214B58BF009D0718 /* Info.plist */,
				ECB3DE17214B58BF009D0718 /* main.m */,
			);
			path = ZSUtilsDemo;
			sourceTree = "<group>";
		};
		ECB3DE1E214B58E4009D0718 /* ZSUtils */ = {
			isa = PBXGroup;
			children = (
				ECB3DE1F214B590A009D0718 /* ZSUtils.h */,
				ECB3DE20214B590A009D0718 /* ZSUtils.m */,
				EC9A961521509A3A008385AD /* NSFileManager+ZSExtension.h */,
				EC9A961621509A3A008385AD /* NSFileManager+ZSExtension.m */,
				ECB3DE22214B5C1E009D0718 /* NSString+ZSExtension.h */,
				ECB3DE23214B5C1E009D0718 /* NSString+ZSExtension.m */,
				ECB3DE25214B72A0009D0718 /* UIImage+ZSExtension.h */,
				ECB3DE26214B72A0009D0718 /* UIImage+ZSExtension.m */,
				ECB3DE28214B740B009D0718 /* UIView+ZSExtension.h */,
				ECB3DE29214B740B009D0718 /* UIView+ZSExtension.m */,
				ECB3DE2B214B7603009D0718 /* UIColor+ZSExtension.h */,
				ECB3DE2C214B7603009D0718 /* UIColor+ZSExtension.m */,
				ECB3DE2E214B7683009D0718 /* UIDevice+ZSExtension.h */,
				ECB3DE2F214B7683009D0718 /* UIDevice+ZSExtension.m */,
				ECB3DE31214B7735009D0718 /* UIViewController+ZSExtension.h */,
				ECB3DE32214B7735009D0718 /* UIViewController+ZSExtension.m */,
				ECB3DE34214B78A1009D0718 /* NSObject+ZSExtension.h */,
				ECB3DE35214B78A1009D0718 /* NSObject+ZSExtension.m */,
				ECB3DE37214B7C2B009D0718 /* NSDate+ZSExtension.h */,
				ECB3DE38214B7C2B009D0718 /* NSDate+ZSExtension.m */,
				ECB3DE3A214B7EE7009D0718 /* UIButton+ZSExtension.h */,
				ECB3DE3B214B7EE7009D0718 /* UIButton+ZSExtension.m */,
				ECB3DE3D214B84A2009D0718 /* UIControl+ZSExtension.h */,
				ECB3DE3E214B84A2009D0718 /* UIControl+ZSExtension.m */,
				ECB3DE40214B85C9009D0718 /* UIBarButtonItem+ZSExtension.h */,
				ECB3DE41214B85C9009D0718 /* UIBarButtonItem+ZSExtension.m */,
				ECB3DE43214B8B34009D0718 /* UIScreen+ZSExtension.h */,
				ECB3DE44214B8B34009D0718 /* UIScreen+ZSExtension.m */,
				EC9A9626215222EF008385AD /* NSURL+ZSExtension.h */,
				EC9A9627215222EF008385AD /* NSURL+ZSExtension.m */,
			);
			path = ZSUtils;
			sourceTree = "<group>";
		};
/* End PBXGroup section */

/* Begin PBXNativeTarget section */
		ECB3DE04214B58BE009D0718 /* ZSUtils */ = {
			isa = PBXNativeTarget;
			buildConfigurationList = ECB3DE1B214B58BF009D0718 /* Build configuration list for PBXNativeTarget "ZSUtils" */;
			buildPhases = (
				ECB3DE01214B58BE009D0718 /* Sources */,
				ECB3DE02214B58BE009D0718 /* Frameworks */,
				ECB3DE03214B58BE009D0718 /* Resources */,
			);
			buildRules = (
			);
			dependencies = (
			);
			name = ZSUtils;
			productName = ZSUtils;
			productReference = ECB3DE05214B58BE009D0718 /* ZSUtils.app */;
			productType = "com.apple.product-type.application";
		};
/* End PBXNativeTarget section */

/* Begin PBXProject section */
		ECB3DDFD214B58BE009D0718 /* Project object */ = {
			isa = PBXProject;
			attributes = {
				LastUpgradeCheck = 0940;
				ORGANIZATIONNAME = "張帥";
				TargetAttributes = {
					ECB3DE04214B58BE009D0718 = {
						CreatedOnToolsVersion = 9.4.1;
					};
				};
			};
			buildConfigurationList = ECB3DE00214B58BE009D0718 /* Build configuration list for PBXProject "ZSUtils" */;
			compatibilityVersion = "Xcode 9.3";
			developmentRegion = en;
			hasScannedForEncodings = 0;
			knownRegions = (
				en,
				Base,
			);
			mainGroup = ECB3DDFC214B58BE009D0718;
			productRefGroup = ECB3DE06214B58BE009D0718 /* Products */;
			projectDirPath = "";
			projectRoot = "";
			targets = (
				ECB3DE04214B58BE009D0718 /* ZSUtils */,
			);
		};
/* End PBXProject section */

/* Begin PBXResourcesBuildPhase section */
		ECB3DE03214B58BE009D0718 /* Resources */ = {
			isa = PBXResourcesBuildPhase;
			buildActionMask = 2147483647;
			files = (
				ECB3DE15214B58BF009D0718 /* LaunchScreen.storyboard in Resources */,
				ECB3DE12214B58BF009D0718 /* Assets.xcassets in Resources */,
				ECB3DE10214B58BE009D0718 /* Main.storyboard in Resources */,
			);
			runOnlyForDeploymentPostprocessing = 0;
		};
/* End PBXResourcesBuildPhase section */

/* Begin PBXSourcesBuildPhase section */
		ECB3DE01214B58BE009D0718 /* Sources */ = {
			isa = PBXSourcesBuildPhase;
			buildActionMask = 2147483647;
			files = (
				ECB3DE42214B85C9009D0718 /* UIBarButtonItem+ZSExtension.m in Sources */,
				ECB3DE3C214B7EE7009D0718 /* UIButton+ZSExtension.m in Sources */,
				ECB3DE36214B78A1009D0718 /* NSObject+ZSExtension.m in Sources */,
				ECB3DE27214B72A0009D0718 /* UIImage+ZSExtension.m in Sources */,
				ECB3DE45214B8B34009D0718 /* UIScreen+ZSExtension.m in Sources */,
				ECB3DE0D214B58BE009D0718 /* ViewController.m in Sources */,
				ECB3DE3F214B84A2009D0718 /* UIControl+ZSExtension.m in Sources */,
				ECB3DE2D214B7603009D0718 /* UIColor+ZSExtension.m in Sources */,
				ECB3DE18214B58BF009D0718 /* main.m in Sources */,
				ECB3DE21214B590A009D0718 /* ZSUtils.m in Sources */,
				ECB3DE30214B7683009D0718 /* UIDevice+ZSExtension.m in Sources */,
				EC9A961721509A3A008385AD /* NSFileManager+ZSExtension.m in Sources */,
				ECB3DE2A214B740B009D0718 /* UIView+ZSExtension.m in Sources */,
				EC9A9628215222EF008385AD /* NSURL+ZSExtension.m in Sources */,
				ECB3DE33214B7735009D0718 /* UIViewController+ZSExtension.m in Sources */,
				ECB3DE0A214B58BE009D0718 /* AppDelegate.m in Sources */,
				ECB3DE24214B5C1E009D0718 /* NSString+ZSExtension.m in Sources */,
				ECB3DE39214B7C2B009D0718 /* NSDate+ZSExtension.m in Sources */,
			);
			runOnlyForDeploymentPostprocessing = 0;
		};
/* End PBXSourcesBuildPhase section */

/* Begin PBXVariantGroup section */
		ECB3DE0E214B58BE009D0718 /* Main.storyboard */ = {
			isa = PBXVariantGroup;
			children = (
				ECB3DE0F214B58BE009D0718 /* Base */,
			);
			name = Main.storyboard;
			sourceTree = "<group>";
		};
		ECB3DE13214B58BF009D0718 /* LaunchScreen.storyboard */ = {
			isa = PBXVariantGroup;
			children = (
				ECB3DE14214B58BF009D0718 /* Base */,
			);
			name = LaunchScreen.storyboard;
			sourceTree = "<group>";
		};
/* End PBXVariantGroup section */

/* Begin XCBuildConfiguration section */
		ECB3DE19214B58BF009D0718 /* Debug */ = {
			isa = XCBuildConfiguration;
			buildSettings = {
				ALWAYS_SEARCH_USER_PATHS = NO;
				CLANG_ANALYZER_NONNULL = YES;
				CLANG_ANALYZER_NUMBER_OBJECT_CONVERSION = YES_AGGRESSIVE;
				CLANG_CXX_LANGUAGE_STANDARD = "gnu++14";
				CLANG_CXX_LIBRARY = "libc++";
				CLANG_ENABLE_MODULES = YES;
				CLANG_ENABLE_OBJC_ARC = YES;
				CLANG_ENABLE_OBJC_WEAK = YES;
				CLANG_WARN_BLOCK_CAPTURE_AUTORELEASING = YES;
				CLANG_WARN_BOOL_CONVERSION = YES;
				CLANG_WARN_COMMA = YES;
				CLANG_WARN_CONSTANT_CONVERSION = YES;
				CLANG_WARN_DEPRECATED_OBJC_IMPLEMENTATIONS = YES;
				CLANG_WARN_DIRECT_OBJC_ISA_USAGE = YES_ERROR;
				CLANG_WARN_DOCUMENTATION_COMMENTS = YES;
				CLANG_WARN_EMPTY_BODY = YES;
				CLANG_WARN_ENUM_CONVERSION = YES;
				CLANG_WARN_INFINITE_RECURSION = YES;
				CLANG_WARN_INT_CONVERSION = YES;
				CLANG_WARN_NON_LITERAL_NULL_CONVERSION = YES;
				CLANG_WARN_OBJC_IMPLICIT_RETAIN_SELF = YES;
				CLANG_WARN_OBJC_LITERAL_CONVERSION = YES;
				CLANG_WARN_OBJC_ROOT_CLASS = YES_ERROR;
				CLANG_WARN_RANGE_LOOP_ANALYSIS = YES;
				CLANG_WARN_STRICT_PROTOTYPES = YES;
				CLANG_WARN_SUSPICIOUS_MOVE = YES;
				CLANG_WARN_UNGUARDED_AVAILABILITY = YES_AGGRESSIVE;
				CLANG_WARN_UNREACHABLE_CODE = YES;
				CLANG_WARN__DUPLICATE_METHOD_MATCH = YES;
				CODE_SIGN_IDENTITY = "iPhone Developer";
				COPY_PHASE_STRIP = NO;
				DEBUG_INFORMATION_FORMAT = dwarf;
				ENABLE_STRICT_OBJC_MSGSEND = YES;
				ENABLE_TESTABILITY = YES;
				GCC_C_LANGUAGE_STANDARD = gnu11;
				GCC_DYNAMIC_NO_PIC = NO;
				GCC_NO_COMMON_BLOCKS = YES;
				GCC_OPTIMIZATION_LEVEL = 0;
				GCC_PREPROCESSOR_DEFINITIONS = (
					"DEBUG=1",
					"$(inherited)",
				);
				GCC_WARN_64_TO_32_BIT_CONVERSION = YES;
				GCC_WARN_ABOUT_RETURN_TYPE = YES_ERROR;
				GCC_WARN_UNDECLARED_SELECTOR = YES;
				GCC_WARN_UNINITIALIZED_AUTOS = YES_AGGRESSIVE;
				GCC_WARN_UNUSED_FUNCTION = YES;
				GCC_WARN_UNUSED_VARIABLE = YES;
				IPHONEOS_DEPLOYMENT_TARGET = 11.4;
				MTL_ENABLE_DEBUG_INFO = YES;
				ONLY_ACTIVE_ARCH = YES;
				SDKROOT = iphoneos;
			};
			name = Debug;
		};
		ECB3DE1A214B58BF009D0718 /* Release */ = {
			isa = XCBuildConfiguration;
			buildSettings = {
				ALWAYS_SEARCH_USER_PATHS = NO;
				CLANG_ANALYZER_NONNULL = YES;
				CLANG_ANALYZER_NUMBER_OBJECT_CONVERSION = YES_AGGRESSIVE;
				CLANG_CXX_LANGUAGE_STANDARD = "gnu++14";
				CLANG_CXX_LIBRARY = "libc++";
				CLANG_ENABLE_MODULES = YES;
				CLANG_ENABLE_OBJC_ARC = YES;
				CLANG_ENABLE_OBJC_WEAK = YES;
				CLANG_WARN_BLOCK_CAPTURE_AUTORELEASING = YES;
				CLANG_WARN_BOOL_CONVERSION = YES;
				CLANG_WARN_COMMA = YES;
				CLANG_WARN_CONSTANT_CONVERSION = YES;
				CLANG_WARN_DEPRECATED_OBJC_IMPLEMENTATIONS = YES;
				CLANG_WARN_DIRECT_OBJC_ISA_USAGE = YES_ERROR;
				CLANG_WARN_DOCUMENTATION_COMMENTS = YES;
				CLANG_WARN_EMPTY_BODY = YES;
				CLANG_WARN_ENUM_CONVERSION = YES;
				CLANG_WARN_INFINITE_RECURSION = YES;
				CLANG_WARN_INT_CONVERSION = YES;
				CLANG_WARN_NON_LITERAL_NULL_CONVERSION = YES;
				CLANG_WARN_OBJC_IMPLICIT_RETAIN_SELF = YES;
				CLANG_WARN_OBJC_LITERAL_CONVERSION = YES;
				CLANG_WARN_OBJC_ROOT_CLASS = YES_ERROR;
				CLANG_WARN_RANGE_LOOP_ANALYSIS = YES;
				CLANG_WARN_STRICT_PROTOTYPES = YES;
				CLANG_WARN_SUSPICIOUS_MOVE = YES;
				CLANG_WARN_UNGUARDED_AVAILABILITY = YES_AGGRESSIVE;
				CLANG_WARN_UNREACHABLE_CODE = YES;
				CLANG_WARN__DUPLICATE_METHOD_MATCH = YES;
				CODE_SIGN_IDENTITY = "iPhone Developer";
				COPY_PHASE_STRIP = NO;
				DEBUG_INFORMATION_FORMAT = "dwarf-with-dsym";
				ENABLE_NS_ASSERTIONS = NO;
				ENABLE_STRICT_OBJC_MSGSEND = YES;
				GCC_C_LANGUAGE_STANDARD = gnu11;
				GCC_NO_COMMON_BLOCKS = YES;
				GCC_WARN_64_TO_32_BIT_CONVERSION = YES;
				GCC_WARN_ABOUT_RETURN_TYPE = YES_ERROR;
				GCC_WARN_UNDECLARED_SELECTOR = YES;
				GCC_WARN_UNINITIALIZED_AUTOS = YES_AGGRESSIVE;
				GCC_WARN_UNUSED_FUNCTION = YES;
				GCC_WARN_UNUSED_VARIABLE = YES;
				IPHONEOS_DEPLOYMENT_TARGET = 11.4;
				MTL_ENABLE_DEBUG_INFO = NO;
				SDKROOT = iphoneos;
				VALIDATE_PRODUCT = YES;
			};
			name = Release;
		};
		ECB3DE1C214B58BF009D0718 /* Debug */ = {
			isa = XCBuildConfiguration;
			buildSettings = {
				ASSETCATALOG_COMPILER_APPICON_NAME = AppIcon;
				CODE_SIGN_STYLE = Automatic;
				INFOPLIST_FILE = "$(SRCROOT)/ZSUtilsDemo/Info.plist";
				LD_RUNPATH_SEARCH_PATHS = (
					"$(inherited)",
					"@executable_path/Frameworks",
				);
				PRODUCT_BUNDLE_IDENTIFIER = yuri.ZSUtils;
				PRODUCT_NAME = "$(TARGET_NAME)";
				TARGETED_DEVICE_FAMILY = "1,2";
			};
			name = Debug;
		};
		ECB3DE1D214B58BF009D0718 /* Release */ = {
			isa = XCBuildConfiguration;
			buildSettings = {
				ASSETCATALOG_COMPILER_APPICON_NAME = AppIcon;
				CODE_SIGN_STYLE = Automatic;
				INFOPLIST_FILE = "$(SRCROOT)/ZSUtilsDemo/Info.plist";
				LD_RUNPATH_SEARCH_PATHS = (
					"$(inherited)",
					"@executable_path/Frameworks",
				);
				PRODUCT_BUNDLE_IDENTIFIER = yuri.ZSUtils;
				PRODUCT_NAME = "$(TARGET_NAME)";
				TARGETED_DEVICE_FAMILY = "1,2";
			};
			name = Release;
		};
/* End XCBuildConfiguration section */

/* Begin XCConfigurationList section */
		ECB3DE00214B58BE009D0718 /* Build configuration list for PBXProject "ZSUtils" */ = {
			isa = XCConfigurationList;
			buildConfigurations = (
				ECB3DE19214B58BF009D0718 /* Debug */,
				ECB3DE1A214B58BF009D0718 /* Release */,
			);
			defaultConfigurationIsVisible = 0;
			defaultConfigurationName = Release;
		};
		ECB3DE1B214B58BF009D0718 /* Build configuration list for PBXNativeTarget "ZSUtils" */ = {
			isa = XCConfigurationList;
			buildConfigurations = (
				ECB3DE1C214B58BF009D0718 /* Debug */,
				ECB3DE1D214B58BF009D0718 /* Release */,
			);
			defaultConfigurationIsVisible = 0;
			defaultConfigurationName = Release;
		};
/* End XCConfigurationList section */
	};
	rootObject = ECB3DDFD214B58BE009D0718 /* Project object */;
}
